// !$*UTF8*$!
{
	archiveVersion = 1;
	classes = {
	};
	objectVersion = 55;
	objects = {

/* Begin PBXBuildFile section */
		C591A9772836F21000D217DD /* MacHideApp.swift in Sources */ = {isa = PBXBuildFile; fileRef = C591A9762836F21000D217DD /* MacHideApp.swift */; };
		C591A9792836F21000D217DD /* ContentView.swift in Sources */ = {isa = PBXBuildFile; fileRef = C591A9782836F21000D217DD /* ContentView.swift */; };
		C591A97B2836F21400D217DD /* Assets.xcassets in Resources */ = {isa = PBXBuildFile; fileRef = C591A97A2836F21400D217DD /* Assets.xcassets */; };
		C591A97E2836F21400D217DD /* Preview Assets.xcassets in Resources */ = {isa = PBXBuildFile; fileRef = C591A97D2836F21400D217DD /* Preview Assets.xcassets */; };
		C591A9892836F21400D217DD /* MacHideTests.swift in Sources */ = {isa = PBXBuildFile; fileRef = C591A9882836F21400D217DD /* MacHideTests.swift */; };
		C591A9932836F21400D217DD /* MacHideUITests.swift in Sources */ = {isa = PBXBuildFile; fileRef = C591A9922836F21400D217DD /* MacHideUITests.swift */; };
		C591A9952836F21400D217DD /* MacHideUITestsLaunchTests.swift in Sources */ = {isa = PBXBuildFile; fileRef = C591A9942836F21400D217DD /* MacHideUITestsLaunchTests.swift */; };
		C591A9A22836F81100D217DD /* hide.sh in Resources */ = {isa = PBXBuildFile; fileRef = C591A9A12836F81100D217DD /* hide.sh */; };
/* End PBXBuildFile section */

/* Begin PBXContainerItemProxy section */
		C591A9852836F21400D217DD /* PBXContainerItemProxy */ = {
			isa = PBXContainerItemProxy;
			containerPortal = C591A96B2836F21000D217DD /* Project object */;
			proxyType = 1;
			remoteGlobalIDString = C591A9722836F21000D217DD;
			remoteInfo = MacHide;
		};
		C591A98F2836F21400D217DD /* PBXContainerItemProxy */ = {
			isa = PBXContainerItemProxy;
			containerPortal = C591A96B2836F21000D217DD /* Project object */;
			proxyType = 1;
			remoteGlobalIDString = C591A9722836F21000D217DD;
			remoteInfo = MacHide;
		};
/* End PBXContainerItemProxy section */

/* Begin PBXFileReference section */
		C591A9732836F21000D217DD /* MacHide.app */ = {isa = PBXFileReference; explicitFileType = wrapper.application; includeInIndex = 0; path = MacHide.app; sourceTree = BUILT_PRODUCTS_DIR; };
		C591A9762836F21000D217DD /* MacHideApp.swift */ = {isa = PBXFileReference; lastKnownFileType = sourcecode.swift; path = MacHideApp.swift; sourceTree = "<group>"; };
		C591A9782836F21000D217DD /* ContentView.swift */ = {isa = PBXFileReference; lastKnownFileType = sourcecode.swift; path = ContentView.swift; sourceTree = "<group>"; };
		C591A97A2836F21400D217DD /* Assets.xcassets */ = {isa = PBXFileReference; lastKnownFileType = folder.assetcatalog; path = Assets.xcassets; sourceTree = "<group>"; };
		C591A97D2836F21400D217DD /* Preview Assets.xcassets */ = {isa = PBXFileReference; lastKnownFileType = folder.assetcatalog; path = "Preview Assets.xcassets"; sourceTree = "<group>"; };
		C591A97F2836F21400D217DD /* MacHide.entitlements */ = {isa = PBXFileReference; lastKnownFileType = text.plist.entitlements; path = MacHide.entitlements; sourceTree = "<group>"; };
		C591A9842836F21400D217DD /* MacHideTests.xctest */ = {isa = PBXFileReference; explicitFileType = wrapper.cfbundle; includeInIndex = 0; path = MacHideTests.xctest; sourceTree = BUILT_PRODUCTS_DIR; };
		C591A9882836F21400D217DD /* MacHideTests.swift */ = {isa = PBXFileReference; lastKnownFileType = sourcecode.swift; path = MacHideTests.swift; sourceTree = "<group>"; };
		C591A98E2836F21400D217DD /* MacHideUITests.xctest */ = {isa = PBXFileReference; explicitFileType = wrapper.cfbundle; includeInIndex = 0; path = MacHideUITests.xctest; sourceTree = BUILT_PRODUCTS_DIR; };
		C591A9922836F21400D217DD /* MacHideUITests.swift */ = {isa = PBXFileReference; lastKnownFileType = sourcecode.swift; path = MacHideUITests.swift; sourceTree = "<group>"; };
		C591A9942836F21400D217DD /* MacHideUITestsLaunchTests.swift */ = {isa = PBXFileReference; lastKnownFileType = sourcecode.swift; path = MacHideUITestsLaunchTests.swift; sourceTree = "<group>"; };
		C591A9A12836F81100D217DD /* hide.sh */ = {isa = PBXFileReference; fileEncoding = 4; lastKnownFileType = text.script.sh; name = hide.sh; path = ../../hide.sh; sourceTree = "<group>"; };
/* End PBXFileReference section */

/* Begin PBXFrameworksBuildPhase section */
		C591A9702836F21000D217DD /* Frameworks */ = {
			isa = PBXFrameworksBuildPhase;
			buildActionMask = 2147483647;
			files = (
			);
			runOnlyForDeploymentPostprocessing = 0;
		};
		C591A9812836F21400D217DD /* Frameworks */ = {
			isa = PBXFrameworksBuildPhase;
			buildActionMask = 2147483647;
			files = (
			);
			runOnlyForDeploymentPostprocessing = 0;
		};
		C591A98B2836F21400D217DD /* Frameworks */ = {
			isa = PBXFrameworksBuildPhase;
			buildActionMask = 2147483647;
			files = (
			);
			runOnlyForDeploymentPostprocessing = 0;
		};
/* End PBXFrameworksBuildPhase section */

/* Begin PBXGroup section */
		C591A96A2836F21000D217DD = {
			isa = PBXGroup;
			children = (
				C591A9752836F21000D217DD /* MacHide */,
				C591A9872836F21400D217DD /* MacHideTests */,
				C591A9912836F21400D217DD /* MacHideUITests */,
				C591A9742836F21000D217DD /* Products */,
			);
			sourceTree = "<group>";
		};
		C591A9742836F21000D217DD /* Products */ = {
			isa = PBXGroup;
			children = (
				C591A9732836F21000D217DD /* MacHide.app */,
				C591A9842836F21400D217DD /* MacHideTests.xctest */,
				C591A98E2836F21400D217DD /* MacHideUITests.xctest */,
			);
			name = Products;
			sourceTree = "<group>";
		};
		C591A9752836F21000D217DD /* MacHide */ = {
			isa = PBXGroup;
			children = (
				C591A9762836F21000D217DD /* MacHideApp.swift */,
				C591A9782836F21000D217DD /* ContentView.swift */,
				C591A9A12836F81100D217DD /* hide.sh */,
				C591A97A2836F21400D217DD /* Assets.xcassets */,
				C591A97F2836F21400D217DD /* MacHide.entitlements */,
				C591A97C2836F21400D217DD /* Preview Content */,
			);
			path = MacHide;
			sourceTree = "<group>";
		};
		C591A97C2836F21400D217DD /* Preview Content */ = {
			isa = PBXGroup;
			children = (
				C591A97D2836F21400D217DD /* Preview Assets.xcassets */,
			);
			path = "Preview Content";
			sourceTree = "<group>";
		};
		C591A9872836F21400D217DD /* MacHideTests */ = {
			isa = PBXGroup;
			children = (
				C591A9882836F21400D217DD /* MacHideTests.swift */,
			);
			path = MacHideTests;
			sourceTree = "<group>";
		};
		C591A9912836F21400D217DD /* MacHideUITests */ = {
			isa = PBXGroup;
			children = (
				C591A9922836F21400D217DD /* MacHideUITests.swift */,
				C591A9942836F21400D217DD /* MacHideUITestsLaunchTests.swift */,
			);
			path = MacHideUITests;
			sourceTree = "<group>";
		};
/* End PBXGroup section */

/* Begin PBXNativeTarget section */
		C591A9722836F21000D217DD /* MacHide */ = {
			isa = PBXNativeTarget;
			buildConfigurationList = C591A9982836F21400D217DD /* Build configuration list for PBXNativeTarget "MacHide" */;
			buildPhases = (
				C591A96F2836F21000D217DD /* Sources */,
				C591A9702836F21000D217DD /* Frameworks */,
				C591A9712836F21000D217DD /* Resources */,
			);
			buildRules = (
			);
			dependencies = (
			);
			name = MacHide;
			productName = MacHide;
			productReference = C591A9732836F21000D217DD /* MacHide.app */;
			productType = "com.apple.product-type.application";
		};
		C591A9832836F21400D217DD /* MacHideTests */ = {
			isa = PBXNativeTarget;
			buildConfigurationList = C591A99B2836F21400D217DD /* Build configuration list for PBXNativeTarget "MacHideTests" */;
			buildPhases = (
				C591A9802836F21400D217DD /* Sources */,
				C591A9812836F21400D217DD /* Frameworks */,
				C591A9822836F21400D217DD /* Resources */,
			);
			buildRules = (
			);
			dependencies = (
				C591A9862836F21400D217DD /* PBXTargetDependency */,
			);
			name = MacHideTests;
			productName = MacHideTests;
			productReference = C591A9842836F21400D217DD /* MacHideTests.xctest */;
			productType = "com.apple.product-type.bundle.unit-test";
		};
		C591A98D2836F21400D217DD /* MacHideUITests */ = {
			isa = PBXNativeTarget;
			buildConfigurationList = C591A99E2836F21400D217DD /* Build configuration list for PBXNativeTarget "MacHideUITests" */;
			buildPhases = (
				C591A98A2836F21400D217DD /* Sources */,
				C591A98B2836F21400D217DD /* Frameworks */,
				C591A98C2836F21400D217DD /* Resources */,
			);
			buildRules = (
			);
			dependencies = (
				C591A9902836F21400D217DD /* PBXTargetDependency */,
			);
			name = MacHideUITests;
			productName = MacHideUITests;
			productReference = C591A98E2836F21400D217DD /* MacHideUITests.xctest */;
			productType = "com.apple.product-type.bundle.ui-testing";
		};
/* End PBXNativeTarget section */

/* Begin PBXProject section */
		C591A96B2836F21000D217DD /* Project object */ = {
			isa = PBXProject;
			attributes = {
				BuildIndependentTargetsInParallel = 1;
				LastSwiftUpdateCheck = 1340;
				LastUpgradeCheck = 1340;
				TargetAttributes = {
					C591A9722836F21000D217DD = {
						CreatedOnToolsVersion = 13.4;
					};
					C591A9832836F21400D217DD = {
						CreatedOnToolsVersion = 13.4;
						TestTargetID = C591A9722836F21000D217DD;
					};
					C591A98D2836F21400D217DD = {
						CreatedOnToolsVersion = 13.4;
						TestTargetID = C591A9722836F21000D217DD;
					};
				};
			};
			buildConfigurationList = C591A96E2836F21000D217DD /* Build configuration list for PBXProject "MacHide" */;
			compatibilityVersion = "Xcode 13.0";
			developmentRegion = en;
			hasScannedForEncodings = 0;
			knownRegions = (
				en,
				Base,
			);
			mainGroup = C591A96A2836F21000D217DD;
			productRefGroup = C591A9742836F21000D217DD /* Products */;
			projectDirPath = "";
			projectRoot = "";
			targets = (
				C591A9722836F21000D217DD /* MacHide */,
				C591A9832836F21400D217DD /* MacHideTests */,
				C591A98D2836F21400D217DD /* MacHideUITests */,
			);
		};
/* End PBXProject section */

/* Begin PBXResourcesBuildPhase section */
		C591A9712836F21000D217DD /* Resources */ = {
			isa = PBXResourcesBuildPhase;
			buildActionMask = 2147483647;
			files = (
				C591A9A22836F81100D217DD /* hide.sh in Resources */,
				C591A97E2836F21400D217DD /* Preview Assets.xcassets in Resources */,
				C591A97B2836F21400D217DD /* Assets.xcassets in Resources */,
			);
			runOnlyForDeploymentPostprocessing = 0;
		};
		C591A9822836F21400D217DD /* Resources */ = {
			isa = PBXResourcesBuildPhase;
			buildActionMask = 2147483647;
			files = (
			);
			runOnlyForDeploymentPostprocessing = 0;
		};
		C591A98C2836F21400D217DD /* Resources */ = {
			isa = PBXResourcesBuildPhase;
			buildActionMask = 2147483647;
			files = (
			);
			runOnlyForDeploymentPostprocessing = 0;
		};
/* End PBXResourcesBuildPhase section */

/* Begin PBXSourcesBuildPhase section */
		C591A96F2836F21000D217DD /* Sources */ = {
			isa = PBXSourcesBuildPhase;
			buildActionMask = 2147483647;
			files = (
				C591A9792836F21000D217DD /* ContentView.swift in Sources */,
				C591A9772836F21000D217DD /* MacHideApp.swift in Sources */,
			);
			runOnlyForDeploymentPostprocessing = 0;
		};
		C591A9802836F21400D217DD /* Sources */ = {
			isa = PBXSourcesBuildPhase;
			buildActionMask = 2147483647;
			files = (
				C591A9892836F21400D217DD /* MacHideTests.swift in Sources */,
			);
			runOnlyForDeploymentPostprocessing = 0;
		};
		C591A98A2836F21400D217DD /* Sources */ = {
			isa = PBXSourcesBuildPhase;
			buildActionMask = 2147483647;
			files = (
				C591A9952836F21400D217DD /* MacHideUITestsLaunchTests.swift in Sources */,
				C591A9932836F21400D217DD /* MacHideUITests.swift in Sources */,
			);
			runOnlyForDeploymentPostprocessing = 0;
		};
/* End PBXSourcesBuildPhase section */

/* Begin PBXTargetDependency section */
		C591A9862836F21400D217DD /* PBXTargetDependency */ = {
			isa = PBXTargetDependency;
			target = C591A9722836F21000D217DD /* MacHide */;
			targetProxy = C591A9852836F21400D217DD /* PBXContainerItemProxy */;
		};
		C591A9902836F21400D217DD /* PBXTargetDependency */ = {
			isa = PBXTargetDependency;
			target = C591A9722836F21000D217DD /* MacHide */;
			targetProxy = C591A98F2836F21400D217DD /* PBXContainerItemProxy */;
		};
/* End PBXTargetDependency section */

/* Begin XCBuildConfiguration section */
		C591A9962836F21400D217DD /* Debug */ = {
			isa = XCBuildConfiguration;
			buildSettings = {
				ALWAYS_SEARCH_USER_PATHS = NO;
				CLANG_ANALYZER_NONNULL = YES;
				CLANG_ANALYZER_NUMBER_OBJECT_CONVERSION = YES_AGGRESSIVE;
				CLANG_CXX_LANGUAGE_STANDARD = "gnu++17";
				CLANG_ENABLE_MODULES = YES;
				CLANG_ENABLE_OBJC_ARC = YES;
				CLANG_ENABLE_OBJC_WEAK = YES;
				CLANG_WARN_BLOCK_CAPTURE_AUTORELEASING = YES;
				CLANG_WARN_BOOL_CONVERSION = YES;
				CLANG_WARN_COMMA = YES;
				CLANG_WARN_CONSTANT_CONVERSION = YES;
				CLANG_WARN_DEPRECATED_OBJC_IMPLEMENTATIONS = YES;
				CLANG_WARN_DIRECT_OBJC_ISA_USAGE = YES_ERROR;
				CLANG_WARN_DOCUMENTATION_COMMENTS = YES;
				CLANG_WARN_EMPTY_BODY = YES;
				CLANG_WARN_ENUM_CONVERSION = YES;
				CLANG_WARN_INFINITE_RECURSION = YES;
				CLANG_WARN_INT_CONVERSION = YES;
				CLANG_WARN_NON_LITERAL_NULL_CONVERSION = YES;
				CLANG_WARN_OBJC_IMPLICIT_RETAIN_SELF = YES;
				CLANG_WARN_OBJC_LITERAL_CONVERSION = YES;
				CLANG_WARN_OBJC_ROOT_CLASS = YES_ERROR;
				CLANG_WARN_QUOTED_INCLUDE_IN_FRAMEWORK_HEADER = YES;
				CLANG_WARN_RANGE_LOOP_ANALYSIS = YES;
				CLANG_WARN_STRICT_PROTOTYPES = YES;
				CLANG_WARN_SUSPICIOUS_MOVE = YES;
				CLANG_WARN_UNGUARDED_AVAILABILITY = YES_AGGRESSIVE;
				CLANG_WARN_UNREACHABLE_CODE = YES;
				CLANG_WARN__DUPLICATE_METHOD_MATCH = YES;
				COPY_PHASE_STRIP = NO;
				DEBUG_INFORMATION_FORMAT = dwarf;
				ENABLE_STRICT_OBJC_MSGSEND = YES;
				ENABLE_TESTABILITY = YES;
				GCC_C_LANGUAGE_STANDARD = gnu11;
				GCC_DYNAMIC_NO_PIC = NO;
				GCC_NO_COMMON_BLOCKS = YES;
				GCC_OPTIMIZATION_LEVEL = 0;
				GCC_PREPROCESSOR_DEFINITIONS = (
					"DEBUG=1",
					"$(inherited)",
				);
				GCC_WARN_64_TO_32_BIT_CONVERSION = YES;
				GCC_WARN_ABOUT_RETURN_TYPE = YES_ERROR;
				GCC_WARN_UNDECLARED_SELECTOR = YES;
				GCC_WARN_UNINITIALIZED_AUTOS = YES_AGGRESSIVE;
				GCC_WARN_UNUSED_FUNCTION = YES;
				GCC_WARN_UNUSED_VARIABLE = YES;
				MACOSX_DEPLOYMENT_TARGET = 12.3;
				MTL_ENABLE_DEBUG_INFO = INCLUDE_SOURCE;
				MTL_FAST_MATH = YES;
				ONLY_ACTIVE_ARCH = YES;
				SDKROOT = macosx;
				SWIFT_ACTIVE_COMPILATION_CONDITIONS = DEBUG;
				SWIFT_OPTIMIZATION_LEVEL = "-Onone";
			};
			name = Debug;
		};
		C591A9972836F21400D217DD /* Release */ = {
			isa = XCBuildConfiguration;
			buildSettings = {
				ALWAYS_SEARCH_USER_PATHS = NO;
				CLANG_ANALYZER_NONNULL = YES;
				CLANG_ANALYZER_NUMBER_OBJECT_CONVERSION = YES_AGGRESSIVE;
				CLANG_CXX_LANGUAGE_STANDARD = "gnu++17";
				CLANG_ENABLE_MODULES = YES;
				CLANG_ENABLE_OBJC_ARC = YES;
				CLANG_ENABLE_OBJC_WEAK = YES;
				CLANG_WARN_BLOCK_CAPTURE_AUTORELEASING = YES;
				CLANG_WARN_BOOL_CONVERSION = YES;
				CLANG_WARN_COMMA = YES;
				CLANG_WARN_CONSTANT_CONVERSION = YES;
				CLANG_WARN_DEPRECATED_OBJC_IMPLEMENTATIONS = YES;
				CLANG_WARN_DIRECT_OBJC_ISA_USAGE = YES_ERROR;
				CLANG_WARN_DOCUMENTATION_COMMENTS = YES;
				CLANG_WARN_EMPTY_BODY = YES;
				CLANG_WARN_ENUM_CONVERSION = YES;
				CLANG_WARN_INFINITE_RECURSION = YES;
				CLANG_WARN_INT_CONVERSION = YES;
				CLANG_WARN_NON_LITERAL_NULL_CONVERSION = YES;
				CLANG_WARN_OBJC_IMPLICIT_RETAIN_SELF = YES;
				CLANG_WARN_OBJC_LITERAL_CONVERSION = YES;
				CLANG_WARN_OBJC_ROOT_CLASS = YES_ERROR;
				CLANG_WARN_QUOTED_INCLUDE_IN_FRAMEWORK_HEADER = YES;
				CLANG_WARN_RANGE_LOOP_ANALYSIS = YES;
				CLANG_WARN_STRICT_PROTOTYPES = YES;
				CLANG_WARN_SUSPICIOUS_MOVE = YES;
				CLANG_WARN_UNGUARDED_AVAILABILITY = YES_AGGRESSIVE;
				CLANG_WARN_UNREACHABLE_CODE = YES;
				CLANG_WARN__DUPLICATE_METHOD_MATCH = YES;
				COPY_PHASE_STRIP = NO;
				DEBUG_INFORMATION_FORMAT = "dwarf-with-dsym";
				ENABLE_NS_ASSERTIONS = NO;
				ENABLE_STRICT_OBJC_MSGSEND = YES;
				GCC_C_LANGUAGE_STANDARD = gnu11;
				GCC_NO_COMMON_BLOCKS = YES;
				GCC_WARN_64_TO_32_BIT_CONVERSION = YES;
				GCC_WARN_ABOUT_RETURN_TYPE = YES_ERROR;
				GCC_WARN_UNDECLARED_SELECTOR = YES;
				GCC_WARN_UNINITIALIZED_AUTOS = YES_AGGRESSIVE;
				GCC_WARN_UNUSED_FUNCTION = YES;
				GCC_WARN_UNUSED_VARIABLE = YES;
				MACOSX_DEPLOYMENT_TARGET = 12.3;
				MTL_ENABLE_DEBUG_INFO = NO;
				MTL_FAST_MATH = YES;
				SDKROOT = macosx;
				SWIFT_COMPILATION_MODE = wholemodule;
				SWIFT_OPTIMIZATION_LEVEL = "-O";
			};
			name = Release;
		};
		C591A9992836F21400D217DD /* Debug */ = {
			isa = XCBuildConfiguration;
			buildSettings = {
				ASSETCATALOG_COMPILER_APPICON_NAME = AppIcon;
				ASSETCATALOG_COMPILER_GLOBAL_ACCENT_COLOR_NAME = AccentColor;
				CODE_SIGN_ENTITLEMENTS = MacHide/MacHide.entitlements;
				CODE_SIGN_STYLE = Automatic;
				COMBINE_HIDPI_IMAGES = YES;
				CURRENT_PROJECT_VERSION = 1;
				DEVELOPMENT_ASSET_PATHS = "\"MacHide/Preview Content\"";
				ENABLE_PREVIEWS = YES;
				GENERATE_INFOPLIST_FILE = YES;
				INFOPLIST_KEY_NSHumanReadableCopyright = "";
				LD_RUNPATH_SEARCH_PATHS = (
					"$(inherited)",
					"@executable_path/../Frameworks",
				);
				MARKETING_VERSION = 1.0;
				PRODUCT_BUNDLE_IDENTIFIER = com.quinnbellmore.MacHide;
				PRODUCT_NAME = "$(TARGET_NAME)";
				SWIFT_EMIT_LOC_STRINGS = YES;
				SWIFT_VERSION = 5.0;
			};
			name = Debug;
		};
		C591A99A2836F21400D217DD /* Release */ = {
			isa = XCBuildConfiguration;
			buildSettings = {
				ASSETCATALOG_COMPILER_APPICON_NAME = AppIcon;
				ASSETCATALOG_COMPILER_GLOBAL_ACCENT_COLOR_NAME = AccentColor;
				CODE_SIGN_ENTITLEMENTS = MacHide/MacHide.entitlements;
				CODE_SIGN_STYLE = Automatic;
				COMBINE_HIDPI_IMAGES = YES;
				CURRENT_PROJECT_VERSION = 1;
				DEVELOPMENT_ASSET_PATHS = "\"MacHide/Preview Content\"";
				ENABLE_PREVIEWS = YES;
				GENERATE_INFOPLIST_FILE = YES;
				INFOPLIST_KEY_NSHumanReadableCopyright = "";
				LD_RUNPATH_SEARCH_PATHS = (
					"$(inherited)",
					"@executable_path/../Frameworks",
				);
				MARKETING_VERSION = 1.0;
				PRODUCT_BUNDLE_IDENTIFIER = com.quinnbellmore.MacHide;
				PRODUCT_NAME = "$(TARGET_NAME)";
				SWIFT_EMIT_LOC_STRINGS = YES;
				SWIFT_VERSION = 5.0;
			};
			name = Release;
		};
		C591A99C2836F21400D217DD /* Debug */ = {
			isa = XCBuildConfiguration;
			buildSettings = {
				ALWAYS_EMBED_SWIFT_STANDARD_LIBRARIES = YES;
				BUNDLE_LOADER = "$(TEST_HOST)";
				CODE_SIGN_STYLE = Automatic;
				CURRENT_PROJECT_VERSION = 1;
				GENERATE_INFOPLIST_FILE = YES;
				MACOSX_DEPLOYMENT_TARGET = 12.3;
				MARKETING_VERSION = 1.0;
				PRODUCT_BUNDLE_IDENTIFIER = com.quinnbellmore.MacHideTests;
				PRODUCT_NAME = "$(TARGET_NAME)";
				SWIFT_EMIT_LOC_STRINGS = NO;
				SWIFT_VERSION = 5.0;
				TEST_HOST = "$(BUILT_PRODUCTS_DIR)/MacHide.app/Contents/MacOS/MacHide";
			};
			name = Debug;
		};
		C591A99D2836F21400D217DD /* Release */ = {
			isa = XCBuildConfiguration;
			buildSettings = {
				ALWAYS_EMBED_SWIFT_STANDARD_LIBRARIES = YES;
				BUNDLE_LOADER = "$(TEST_HOST)";
				CODE_SIGN_STYLE = Automatic;
				CURRENT_PROJECT_VERSION = 1;
				GENERATE_INFOPLIST_FILE = YES;
				MACOSX_DEPLOYMENT_TARGET = 12.3;
				MARKETING_VERSION = 1.0;
				PRODUCT_BUNDLE_IDENTIFIER = com.quinnbellmore.MacHideTests;
				PRODUCT_NAME = "$(TARGET_NAME)";
				SWIFT_EMIT_LOC_STRINGS = NO;
				SWIFT_VERSION = 5.0;
				TEST_HOST = "$(BUILT_PRODUCTS_DIR)/MacHide.app/Contents/MacOS/MacHide";
			};
			name = Release;
		};
		C591A99F2836F21400D217DD /* Debug */ = {
			isa = XCBuildConfiguration;
			buildSettings = {
				ALWAYS_EMBED_SWIFT_STANDARD_LIBRARIES = YES;
				CODE_SIGN_STYLE = Automatic;
				CURRENT_PROJECT_VERSION = 1;
				GENERATE_INFOPLIST_FILE = YES;
				MARKETING_VERSION = 1.0;
				PRODUCT_BUNDLE_IDENTIFIER = com.quinnbellmore.MacHideUITests;
				PRODUCT_NAME = "$(TARGET_NAME)";
				SWIFT_EMIT_LOC_STRINGS = NO;
				SWIFT_VERSION = 5.0;
				TEST_TARGET_NAME = MacHide;
			};
			name = Debug;
		};
		C591A9A02836F21400D217DD /* Release */ = {
			isa = XCBuildConfiguration;
			buildSettings = {
				ALWAYS_EMBED_SWIFT_STANDARD_LIBRARIES = YES;
				CODE_SIGN_STYLE = Automatic;
				CURRENT_PROJECT_VERSION = 1;
				GENERATE_INFOPLIST_FILE = YES;
				MARKETING_VERSION = 1.0;
				PRODUCT_BUNDLE_IDENTIFIER = com.quinnbellmore.MacHideUITests;
				PRODUCT_NAME = "$(TARGET_NAME)";
				SWIFT_EMIT_LOC_STRINGS = NO;
				SWIFT_VERSION = 5.0;
				TEST_TARGET_NAME = MacHide;
			};
			name = Release;
		};
/* End XCBuildConfiguration section */

/* Begin XCConfigurationList section */
		C591A96E2836F21000D217DD /* Build configuration list for PBXProject "MacHide" */ = {
			isa = XCConfigurationList;
			buildConfigurations = (
				C591A9962836F21400D217DD /* Debug */,
				C591A9972836F21400D217DD /* Release */,
			);
			defaultConfigurationIsVisible = 0;
			defaultConfigurationName = Release;
		};
		C591A9982836F21400D217DD /* Build configuration list for PBXNativeTarget "MacHide" */ = {
			isa = XCConfigurationList;
			buildConfigurations = (
				C591A9992836F21400D217DD /* Debug */,
				C591A99A2836F21400D217DD /* Release */,
			);
			defaultConfigurationIsVisible = 0;
			defaultConfigurationName = Release;
		};
		C591A99B2836F21400D217DD /* Build configuration list for PBXNativeTarget "MacHideTests" */ = {
			isa = XCConfigurationList;
			buildConfigurations = (
				C591A99C2836F21400D217DD /* Debug */,
				C591A99D2836F21400D217DD /* Release */,
			);
			defaultConfigurationIsVisible = 0;
			defaultConfigurationName = Release;
		};
		C591A99E2836F21400D217DD /* Build configuration list for PBXNativeTarget "MacHideUITests" */ = {
			isa = XCConfigurationList;
			buildConfigurations = (
				C591A99F2836F21400D217DD /* Debug */,
				C591A9A02836F21400D217DD /* Release */,
			);
			defaultConfigurationIsVisible = 0;
			defaultConfigurationName = Release;
		};
/* End XCConfigurationList section */
	};
	rootObject = C591A96B2836F21000D217DD /* Project object */;
}
